// !$*UTF8*$!
{
	archiveVersion = 1;
	classes = {
	};
	objectVersion = 46;
	objects = {

/* Begin PBXBuildFile section */
		03D42DE61C22CA2E00C208F5 /* AppDelegate.swift in Sources */ = {isa = PBXBuildFile; fileRef = 03D42DE51C22CA2E00C208F5 /* AppDelegate.swift */; };
		03D42DED1C22CA2E00C208F5 /* Assets.xcassets in Resources */ = {isa = PBXBuildFile; fileRef = 03D42DEC1C22CA2E00C208F5 /* Assets.xcassets */; };
		03D42DFB1C22CA2E00C208F5 /* GatewayAppTests.swift in Sources */ = {isa = PBXBuildFile; fileRef = 03D42DFA1C22CA2E00C208F5 /* GatewayAppTests.swift */; };
		03D42E061C22CA2E00C208F5 /* GatewayAppUITests.swift in Sources */ = {isa = PBXBuildFile; fileRef = 03D42E051C22CA2E00C208F5 /* GatewayAppUITests.swift */; };
		03D42E191C22CAF000C208F5 /* Default-568h@2x.png in Resources */ = {isa = PBXBuildFile; fileRef = 03D42E151C22CAF000C208F5 /* Default-568h@2x.png */; settings = {ASSET_TAGS = (); }; };
		03D42E1A1C22CAF000C208F5 /* Default-667h@2x.png in Resources */ = {isa = PBXBuildFile; fileRef = 03D42E161C22CAF000C208F5 /* Default-667h@2x.png */; settings = {ASSET_TAGS = (); }; };
		03D42E1B1C22CAF000C208F5 /* Default-Portrait-736h@3x.png in Resources */ = {isa = PBXBuildFile; fileRef = 03D42E171C22CAF000C208F5 /* Default-Portrait-736h@3x.png */; settings = {ASSET_TAGS = (); }; };
		03D42E1C1C22CAF000C208F5 /* Default@2x.png in Resources */ = {isa = PBXBuildFile; fileRef = 03D42E181C22CAF000C208F5 /* Default@2x.png */; settings = {ASSET_TAGS = (); }; };
		03D42E1F1C22CB0100C208F5 /* LoadingViewController.swift in Sources */ = {isa = PBXBuildFile; fileRef = 03D42E1D1C22CB0100C208F5 /* LoadingViewController.swift */; settings = {ASSET_TAGS = (); }; };
		03D42E201C22CB0100C208F5 /* LoadingViewController.xib in Resources */ = {isa = PBXBuildFile; fileRef = 03D42E1E1C22CB0100C208F5 /* LoadingViewController.xib */; settings = {ASSET_TAGS = (); }; };
		03D42E221C22CF7B00C208F5 /* logo.png in Resources */ = {isa = PBXBuildFile; fileRef = 03D42E211C22CF7B00C208F5 /* logo.png */; settings = {ASSET_TAGS = (); }; };
		03D42E251C22D27900C208F5 /* HomeViewController.swift in Sources */ = {isa = PBXBuildFile; fileRef = 03D42E231C22D27900C208F5 /* HomeViewController.swift */; settings = {ASSET_TAGS = (); }; };
		03D42E261C22D27900C208F5 /* HomeViewController.xib in Resources */ = {isa = PBXBuildFile; fileRef = 03D42E241C22D27900C208F5 /* HomeViewController.xib */; settings = {ASSET_TAGS = (); }; };
		03D42E2B1C22D5E800C208F5 /* BackgroundView.swift in Sources */ = {isa = PBXBuildFile; fileRef = 03D42E2A1C22D5E800C208F5 /* BackgroundView.swift */; settings = {ASSET_TAGS = (); }; };
		03D42E2D1C22D5FB00C208F5 /* BackgroundView.xib in Resources */ = {isa = PBXBuildFile; fileRef = 03D42E2C1C22D5FB00C208F5 /* BackgroundView.xib */; settings = {ASSET_TAGS = (); }; };
		03D42E311C231D1900C208F5 /* SensorsListViewController.swift in Sources */ = {isa = PBXBuildFile; fileRef = 03D42E2F1C231D1900C208F5 /* SensorsListViewController.swift */; settings = {ASSET_TAGS = (); }; };
		03D42E321C231D1900C208F5 /* SensorsListViewController.xib in Resources */ = {isa = PBXBuildFile; fileRef = 03D42E301C231D1900C208F5 /* SensorsListViewController.xib */; settings = {ASSET_TAGS = (); }; };
		03D42E371C23D47600C208F5 /* SensorsTableViewCell.swift in Sources */ = {isa = PBXBuildFile; fileRef = 03D42E351C23D47600C208F5 /* SensorsTableViewCell.swift */; settings = {ASSET_TAGS = (); }; };
		03D42E381C23D47600C208F5 /* SensorsTableViewCell.xib in Resources */ = {isa = PBXBuildFile; fileRef = 03D42E361C23D47600C208F5 /* SensorsTableViewCell.xib */; settings = {ASSET_TAGS = (); }; };
		03D42E3D1C23D6E600C208F5 /* bulb.png in Resources */ = {isa = PBXBuildFile; fileRef = 03D42E3B1C23D6E600C208F5 /* bulb.png */; settings = {ASSET_TAGS = (); }; };
		03D42E3E1C23D6E600C208F5 /* speedometer11.png in Resources */ = {isa = PBXBuildFile; fileRef = 03D42E3C1C23D6E600C208F5 /* speedometer11.png */; settings = {ASSET_TAGS = (); }; };
		03D42E401C23DDB600C208F5 /* SensorsSectionHeaderView.swift in Sources */ = {isa = PBXBuildFile; fileRef = 03D42E3F1C23DDB600C208F5 /* SensorsSectionHeaderView.swift */; settings = {ASSET_TAGS = (); }; };
		03D42E421C23DDC500C208F5 /* SensorsSectionHeaderView.xib in Resources */ = {isa = PBXBuildFile; fileRef = 03D42E411C23DDC500C208F5 /* SensorsSectionHeaderView.xib */; settings = {ASSET_TAGS = (); }; };
		03D42E441C23E68E00C208F5 /* SensorsTableHeaderView.swift in Sources */ = {isa = PBXBuildFile; fileRef = 03D42E431C23E68E00C208F5 /* SensorsTableHeaderView.swift */; settings = {ASSET_TAGS = (); }; };
		03D42E461C23E69E00C208F5 /* SensorsTableHeaderView.xib in Resources */ = {isa = PBXBuildFile; fileRef = 03D42E451C23E69E00C208F5 /* SensorsTableHeaderView.xib */; settings = {ASSET_TAGS = (); }; };
		03D568C21C246DBD00E4E49C /* GatewaysTableViewCell.swift in Sources */ = {isa = PBXBuildFile; fileRef = 03D568C01C246DBD00E4E49C /* GatewaysTableViewCell.swift */; settings = {ASSET_TAGS = (); }; };
		03D568C31C246DBD00E4E49C /* GatewaysTableViewCell.xib in Resources */ = {isa = PBXBuildFile; fileRef = 03D568C11C246DBD00E4E49C /* GatewaysTableViewCell.xib */; settings = {ASSET_TAGS = (); }; };
		03D568C51C251A2300E4E49C /* CoreBluetooth.framework in Frameworks */ = {isa = PBXBuildFile; fileRef = 03D568C41C251A2300E4E49C /* CoreBluetooth.framework */; };
		03D568C71C251E2000E4E49C /* ModalView.swift in Sources */ = {isa = PBXBuildFile; fileRef = 03D568C61C251E2000E4E49C /* ModalView.swift */; settings = {ASSET_TAGS = (); }; };
		03D568C91C251E2D00E4E49C /* ModalView.xib in Resources */ = {isa = PBXBuildFile; fileRef = 03D568C81C251E2D00E4E49C /* ModalView.xib */; settings = {ASSET_TAGS = (); }; };
		03D568CB1C2522A100E4E49C /* cross108.png in Resources */ = {isa = PBXBuildFile; fileRef = 03D568CA1C2522A100E4E49C /* cross108.png */; settings = {ASSET_TAGS = (); }; };
/* End PBXBuildFile section */

/* Begin PBXContainerItemProxy section */
		03D42DF71C22CA2E00C208F5 /* PBXContainerItemProxy */ = {
			isa = PBXContainerItemProxy;
			containerPortal = 03D42DDA1C22CA2D00C208F5 /* Project object */;
			proxyType = 1;
			remoteGlobalIDString = 03D42DE11C22CA2E00C208F5;
			remoteInfo = GatewayApp;
		};
		03D42E021C22CA2E00C208F5 /* PBXContainerItemProxy */ = {
			isa = PBXContainerItemProxy;
			containerPortal = 03D42DDA1C22CA2D00C208F5 /* Project object */;
			proxyType = 1;
			remoteGlobalIDString = 03D42DE11C22CA2E00C208F5;
			remoteInfo = GatewayApp;
		};
/* End PBXContainerItemProxy section */

/* Begin PBXFileReference section */
		03D42DE21C22CA2E00C208F5 /* GatewayApp.app */ = {isa = PBXFileReference; explicitFileType = wrapper.application; includeInIndex = 0; path = GatewayApp.app; sourceTree = BUILT_PRODUCTS_DIR; };
		03D42DE51C22CA2E00C208F5 /* AppDelegate.swift */ = {isa = PBXFileReference; lastKnownFileType = sourcecode.swift; path = AppDelegate.swift; sourceTree = "<group>"; };
		03D42DEC1C22CA2E00C208F5 /* Assets.xcassets */ = {isa = PBXFileReference; lastKnownFileType = folder.assetcatalog; path = Assets.xcassets; sourceTree = "<group>"; };
		03D42DF11C22CA2E00C208F5 /* Info.plist */ = {isa = PBXFileReference; lastKnownFileType = text.plist.xml; path = Info.plist; sourceTree = "<group>"; };
		03D42DF61C22CA2E00C208F5 /* GatewayAppTests.xctest */ = {isa = PBXFileReference; explicitFileType = wrapper.cfbundle; includeInIndex = 0; path = GatewayAppTests.xctest; sourceTree = BUILT_PRODUCTS_DIR; };
		03D42DFA1C22CA2E00C208F5 /* GatewayAppTests.swift */ = {isa = PBXFileReference; lastKnownFileType = sourcecode.swift; path = GatewayAppTests.swift; sourceTree = "<group>"; };
		03D42DFC1C22CA2E00C208F5 /* Info.plist */ = {isa = PBXFileReference; lastKnownFileType = text.plist.xml; path = Info.plist; sourceTree = "<group>"; };
		03D42E011C22CA2E00C208F5 /* GatewayAppUITests.xctest */ = {isa = PBXFileReference; explicitFileType = wrapper.cfbundle; includeInIndex = 0; path = GatewayAppUITests.xctest; sourceTree = BUILT_PRODUCTS_DIR; };
		03D42E051C22CA2E00C208F5 /* GatewayAppUITests.swift */ = {isa = PBXFileReference; lastKnownFileType = sourcecode.swift; path = GatewayAppUITests.swift; sourceTree = "<group>"; };
		03D42E071C22CA2E00C208F5 /* Info.plist */ = {isa = PBXFileReference; lastKnownFileType = text.plist.xml; path = Info.plist; sourceTree = "<group>"; };
		03D42E151C22CAF000C208F5 /* Default-568h@2x.png */ = {isa = PBXFileReference; lastKnownFileType = image.png; path = "Default-568h@2x.png"; sourceTree = "<group>"; };
		03D42E161C22CAF000C208F5 /* Default-667h@2x.png */ = {isa = PBXFileReference; lastKnownFileType = image.png; path = "Default-667h@2x.png"; sourceTree = "<group>"; };
		03D42E171C22CAF000C208F5 /* Default-Portrait-736h@3x.png */ = {isa = PBXFileReference; lastKnownFileType = image.png; path = "Default-Portrait-736h@3x.png"; sourceTree = "<group>"; };
		03D42E181C22CAF000C208F5 /* Default@2x.png */ = {isa = PBXFileReference; lastKnownFileType = image.png; path = "Default@2x.png"; sourceTree = "<group>"; };
		03D42E1D1C22CB0100C208F5 /* LoadingViewController.swift */ = {isa = PBXFileReference; fileEncoding = 4; lastKnownFileType = sourcecode.swift; path = LoadingViewController.swift; sourceTree = "<group>"; };
		03D42E1E1C22CB0100C208F5 /* LoadingViewController.xib */ = {isa = PBXFileReference; fileEncoding = 4; lastKnownFileType = file.xib; path = LoadingViewController.xib; sourceTree = "<group>"; };
		03D42E211C22CF7B00C208F5 /* logo.png */ = {isa = PBXFileReference; lastKnownFileType = image.png; path = logo.png; sourceTree = "<group>"; };
		03D42E231C22D27900C208F5 /* HomeViewController.swift */ = {isa = PBXFileReference; fileEncoding = 4; lastKnownFileType = sourcecode.swift; path = HomeViewController.swift; sourceTree = "<group>"; };
		03D42E241C22D27900C208F5 /* HomeViewController.xib */ = {isa = PBXFileReference; fileEncoding = 4; lastKnownFileType = file.xib; path = HomeViewController.xib; sourceTree = "<group>"; };
		03D42E2A1C22D5E800C208F5 /* BackgroundView.swift */ = {isa = PBXFileReference; fileEncoding = 4; lastKnownFileType = sourcecode.swift; path = BackgroundView.swift; sourceTree = "<group>"; };
		03D42E2C1C22D5FB00C208F5 /* BackgroundView.xib */ = {isa = PBXFileReference; fileEncoding = 4; lastKnownFileType = file.xib; path = BackgroundView.xib; sourceTree = "<group>"; };
		03D42E2F1C231D1900C208F5 /* SensorsListViewController.swift */ = {isa = PBXFileReference; fileEncoding = 4; lastKnownFileType = sourcecode.swift; path = SensorsListViewController.swift; sourceTree = "<group>"; };
		03D42E301C231D1900C208F5 /* SensorsListViewController.xib */ = {isa = PBXFileReference; fileEncoding = 4; lastKnownFileType = file.xib; path = SensorsListViewController.xib; sourceTree = "<group>"; };
		03D42E351C23D47600C208F5 /* SensorsTableViewCell.swift */ = {isa = PBXFileReference; fileEncoding = 4; lastKnownFileType = sourcecode.swift; path = SensorsTableViewCell.swift; sourceTree = "<group>"; };
		03D42E361C23D47600C208F5 /* SensorsTableViewCell.xib */ = {isa = PBXFileReference; fileEncoding = 4; lastKnownFileType = file.xib; path = SensorsTableViewCell.xib; sourceTree = "<group>"; };
		03D42E3B1C23D6E600C208F5 /* bulb.png */ = {isa = PBXFileReference; lastKnownFileType = image.png; path = bulb.png; sourceTree = "<group>"; };
		03D42E3C1C23D6E600C208F5 /* speedometer11.png */ = {isa = PBXFileReference; lastKnownFileType = image.png; path = speedometer11.png; sourceTree = "<group>"; };
		03D42E3F1C23DDB600C208F5 /* SensorsSectionHeaderView.swift */ = {isa = PBXFileReference; fileEncoding = 4; lastKnownFileType = sourcecode.swift; path = SensorsSectionHeaderView.swift; sourceTree = "<group>"; };
		03D42E411C23DDC500C208F5 /* SensorsSectionHeaderView.xib */ = {isa = PBXFileReference; fileEncoding = 4; lastKnownFileType = file.xib; path = SensorsSectionHeaderView.xib; sourceTree = "<group>"; };
		03D42E431C23E68E00C208F5 /* SensorsTableHeaderView.swift */ = {isa = PBXFileReference; fileEncoding = 4; lastKnownFileType = sourcecode.swift; path = SensorsTableHeaderView.swift; sourceTree = "<group>"; };
		03D42E451C23E69E00C208F5 /* SensorsTableHeaderView.xib */ = {isa = PBXFileReference; fileEncoding = 4; lastKnownFileType = file.xib; path = SensorsTableHeaderView.xib; sourceTree = "<group>"; };
		03D568C01C246DBD00E4E49C /* GatewaysTableViewCell.swift */ = {isa = PBXFileReference; fileEncoding = 4; lastKnownFileType = sourcecode.swift; path = GatewaysTableViewCell.swift; sourceTree = "<group>"; };
		03D568C11C246DBD00E4E49C /* GatewaysTableViewCell.xib */ = {isa = PBXFileReference; fileEncoding = 4; lastKnownFileType = file.xib; path = GatewaysTableViewCell.xib; sourceTree = "<group>"; };
		03D568C41C251A2300E4E49C /* CoreBluetooth.framework */ = {isa = PBXFileReference; lastKnownFileType = wrapper.framework; name = CoreBluetooth.framework; path = System/Library/Frameworks/CoreBluetooth.framework; sourceTree = SDKROOT; };
		03D568C61C251E2000E4E49C /* ModalView.swift */ = {isa = PBXFileReference; fileEncoding = 4; lastKnownFileType = sourcecode.swift; path = ModalView.swift; sourceTree = "<group>"; };
		03D568C81C251E2D00E4E49C /* ModalView.xib */ = {isa = PBXFileReference; fileEncoding = 4; lastKnownFileType = file.xib; path = ModalView.xib; sourceTree = "<group>"; };
		03D568CA1C2522A100E4E49C /* cross108.png */ = {isa = PBXFileReference; lastKnownFileType = image.png; path = cross108.png; sourceTree = "<group>"; };
/* End PBXFileReference section */

/* Begin PBXFrameworksBuildPhase section */
		03D42DDF1C22CA2E00C208F5 /* Frameworks */ = {
			isa = PBXFrameworksBuildPhase;
			buildActionMask = 2147483647;
			files = (
				03D568C51C251A2300E4E49C /* CoreBluetooth.framework in Frameworks */,
			);
			runOnlyForDeploymentPostprocessing = 0;
		};
		03D42DF31C22CA2E00C208F5 /* Frameworks */ = {
			isa = PBXFrameworksBuildPhase;
			buildActionMask = 2147483647;
			files = (
			);
			runOnlyForDeploymentPostprocessing = 0;
		};
		03D42DFE1C22CA2E00C208F5 /* Frameworks */ = {
			isa = PBXFrameworksBuildPhase;
			buildActionMask = 2147483647;
			files = (
			);
			runOnlyForDeploymentPostprocessing = 0;
		};
/* End PBXFrameworksBuildPhase section */

/* Begin PBXGroup section */
		03D42DD91C22CA2D00C208F5 = {
			isa = PBXGroup;
			children = (
				03D568C41C251A2300E4E49C /* CoreBluetooth.framework */,
				03D42DE41C22CA2E00C208F5 /* GatewayApp */,
				03D42DF91C22CA2E00C208F5 /* GatewayAppTests */,
				03D42E041C22CA2E00C208F5 /* GatewayAppUITests */,
				03D42DE31C22CA2E00C208F5 /* Products */,
			);
			sourceTree = "<group>";
		};
		03D42DE31C22CA2E00C208F5 /* Products */ = {
			isa = PBXGroup;
			children = (
				03D42DE21C22CA2E00C208F5 /* GatewayApp.app */,
				03D42DF61C22CA2E00C208F5 /* GatewayAppTests.xctest */,
				03D42E011C22CA2E00C208F5 /* GatewayAppUITests.xctest */,
			);
			name = Products;
			sourceTree = "<group>";
		};
		03D42DE41C22CA2E00C208F5 /* GatewayApp */ = {
			isa = PBXGroup;
			children = (
				03D42E3A1C23D6CC00C208F5 /* Resources */,
				03D42E271C22D5B600C208F5 /* Views */,
				03D42E131C22CAD300C208F5 /* ViewControllers */,
				03D42DE51C22CA2E00C208F5 /* AppDelegate.swift */,
				03D42DEC1C22CA2E00C208F5 /* Assets.xcassets */,
				03D42DF11C22CA2E00C208F5 /* Info.plist */,
			);
			path = GatewayApp;
			sourceTree = "<group>";
		};
		03D42DF91C22CA2E00C208F5 /* GatewayAppTests */ = {
			isa = PBXGroup;
			children = (
				03D42DFA1C22CA2E00C208F5 /* GatewayAppTests.swift */,
				03D42DFC1C22CA2E00C208F5 /* Info.plist */,
			);
			path = GatewayAppTests;
			sourceTree = "<group>";
		};
		03D42E041C22CA2E00C208F5 /* GatewayAppUITests */ = {
			isa = PBXGroup;
			children = (
				03D42E051C22CA2E00C208F5 /* GatewayAppUITests.swift */,
				03D42E071C22CA2E00C208F5 /* Info.plist */,
			);
			path = GatewayAppUITests;
			sourceTree = "<group>";
		};
		03D42E131C22CAD300C208F5 /* ViewControllers */ = {
			isa = PBXGroup;
			children = (
				03D42E1D1C22CB0100C208F5 /* LoadingViewController.swift */,
				03D42E1E1C22CB0100C208F5 /* LoadingViewController.xib */,
				03D42E231C22D27900C208F5 /* HomeViewController.swift */,
				03D42E241C22D27900C208F5 /* HomeViewController.xib */,
				03D42E2F1C231D1900C208F5 /* SensorsListViewController.swift */,
				03D42E301C231D1900C208F5 /* SensorsListViewController.xib */,
			);
			name = ViewControllers;
			sourceTree = "<group>";
		};
		03D42E141C22CADE00C208F5 /* Images */ = {
			isa = PBXGroup;
			children = (
				03D42E211C22CF7B00C208F5 /* logo.png */,
				03D42E151C22CAF000C208F5 /* Default-568h@2x.png */,
				03D42E161C22CAF000C208F5 /* Default-667h@2x.png */,
				03D42E171C22CAF000C208F5 /* Default-Portrait-736h@3x.png */,
				03D42E181C22CAF000C208F5 /* Default@2x.png */,
			);
			name = Images;
			sourceTree = "<group>";
		};
		03D42E271C22D5B600C208F5 /* Views */ = {
			isa = PBXGroup;
			children = (
				03D42E291C22D5C300C208F5 /* Table Views */,
				03D42E281C22D5BD00C208F5 /* Custom Views */,
			);
			name = Views;
			sourceTree = "<group>";
		};
		03D42E281C22D5BD00C208F5 /* Custom Views */ = {
			isa = PBXGroup;
			children = (
				03D42E2A1C22D5E800C208F5 /* BackgroundView.swift */,
				03D42E2C1C22D5FB00C208F5 /* BackgroundView.xib */,
				03D42E3F1C23DDB600C208F5 /* SensorsSectionHeaderView.swift */,
				03D42E411C23DDC500C208F5 /* SensorsSectionHeaderView.xib */,
				03D42E431C23E68E00C208F5 /* SensorsTableHeaderView.swift */,
				03D42E451C23E69E00C208F5 /* SensorsTableHeaderView.xib */,
				03D568C61C251E2000E4E49C /* ModalView.swift */,
				03D568C81C251E2D00E4E49C /* ModalView.xib */,
			);
			name = "Custom Views";
			sourceTree = "<group>";
		};
		03D42E291C22D5C300C208F5 /* Table Views */ = {
			isa = PBXGroup;
			children = (
				03D42E351C23D47600C208F5 /* SensorsTableViewCell.swift */,
				03D42E361C23D47600C208F5 /* SensorsTableViewCell.xib */,
				03D568C01C246DBD00E4E49C /* GatewaysTableViewCell.swift */,
				03D568C11C246DBD00E4E49C /* GatewaysTableViewCell.xib */,
			);
			name = "Table Views";
			sourceTree = "<group>";
		};
		03D42E391C23D6BE00C208F5 /* Icons */ = {
			isa = PBXGroup;
			children = (
				03D568CA1C2522A100E4E49C /* cross108.png */,
				03D42E3B1C23D6E600C208F5 /* bulb.png */,
				03D42E3C1C23D6E600C208F5 /* speedometer11.png */,
			);
			name = Icons;
			sourceTree = "<group>";
		};
		03D42E3A1C23D6CC00C208F5 /* Resources */ = {
			isa = PBXGroup;
			children = (
				03D42E391C23D6BE00C208F5 /* Icons */,
				03D42E141C22CADE00C208F5 /* Images */,
			);
			name = Resources;
			sourceTree = "<group>";
		};
/* End PBXGroup section */

/* Begin PBXNativeTarget section */
		03D42DE11C22CA2E00C208F5 /* GatewayApp */ = {
			isa = PBXNativeTarget;
			buildConfigurationList = 03D42E0A1C22CA2E00C208F5 /* Build configuration list for PBXNativeTarget "GatewayApp" */;
			buildPhases = (
				03D42DDE1C22CA2E00C208F5 /* Sources */,
				03D42DDF1C22CA2E00C208F5 /* Frameworks */,
				03D42DE01C22CA2E00C208F5 /* Resources */,
			);
			buildRules = (
			);
			dependencies = (
			);
			name = GatewayApp;
			productName = GatewayApp;
			productReference = 03D42DE21C22CA2E00C208F5 /* GatewayApp.app */;
			productType = "com.apple.product-type.application";
		};
		03D42DF51C22CA2E00C208F5 /* GatewayAppTests */ = {
			isa = PBXNativeTarget;
			buildConfigurationList = 03D42E0D1C22CA2E00C208F5 /* Build configuration list for PBXNativeTarget "GatewayAppTests" */;
			buildPhases = (
				03D42DF21C22CA2E00C208F5 /* Sources */,
				03D42DF31C22CA2E00C208F5 /* Frameworks */,
				03D42DF41C22CA2E00C208F5 /* Resources */,
			);
			buildRules = (
			);
			dependencies = (
				03D42DF81C22CA2E00C208F5 /* PBXTargetDependency */,
			);
			name = GatewayAppTests;
			productName = GatewayAppTests;
			productReference = 03D42DF61C22CA2E00C208F5 /* GatewayAppTests.xctest */;
			productType = "com.apple.product-type.bundle.unit-test";
		};
		03D42E001C22CA2E00C208F5 /* GatewayAppUITests */ = {
			isa = PBXNativeTarget;
			buildConfigurationList = 03D42E101C22CA2E00C208F5 /* Build configuration list for PBXNativeTarget "GatewayAppUITests" */;
			buildPhases = (
				03D42DFD1C22CA2E00C208F5 /* Sources */,
				03D42DFE1C22CA2E00C208F5 /* Frameworks */,
				03D42DFF1C22CA2E00C208F5 /* Resources */,
			);
			buildRules = (
			);
			dependencies = (
				03D42E031C22CA2E00C208F5 /* PBXTargetDependency */,
			);
			name = GatewayAppUITests;
			productName = GatewayAppUITests;
			productReference = 03D42E011C22CA2E00C208F5 /* GatewayAppUITests.xctest */;
			productType = "com.apple.product-type.bundle.ui-testing";
		};
/* End PBXNativeTarget section */

/* Begin PBXProject section */
		03D42DDA1C22CA2D00C208F5 /* Project object */ = {
			isa = PBXProject;
			attributes = {
				LastUpgradeCheck = 0700;
				ORGANIZATIONNAME = "Shah, Chintan";
				TargetAttributes = {
					03D42DE11C22CA2E00C208F5 = {
						CreatedOnToolsVersion = 7.0;
					};
					03D42DF51C22CA2E00C208F5 = {
						CreatedOnToolsVersion = 7.0;
						TestTargetID = 03D42DE11C22CA2E00C208F5;
					};
					03D42E001C22CA2E00C208F5 = {
						CreatedOnToolsVersion = 7.0;
						TestTargetID = 03D42DE11C22CA2E00C208F5;
					};
				};
			};
			buildConfigurationList = 03D42DDD1C22CA2D00C208F5 /* Build configuration list for PBXProject "GatewayApp" */;
			compatibilityVersion = "Xcode 3.2";
			developmentRegion = English;
			hasScannedForEncodings = 0;
			knownRegions = (
				en,
				Base,
			);
			mainGroup = 03D42DD91C22CA2D00C208F5;
			productRefGroup = 03D42DE31C22CA2E00C208F5 /* Products */;
			projectDirPath = "";
			projectRoot = "";
			targets = (
				03D42DE11C22CA2E00C208F5 /* GatewayApp */,
				03D42DF51C22CA2E00C208F5 /* GatewayAppTests */,
				03D42E001C22CA2E00C208F5 /* GatewayAppUITests */,
			);
		};
/* End PBXProject section */

/* Begin PBXResourcesBuildPhase section */
		03D42DE01C22CA2E00C208F5 /* Resources */ = {
			isa = PBXResourcesBuildPhase;
			buildActionMask = 2147483647;
			files = (
				03D42E421C23DDC500C208F5 /* SensorsSectionHeaderView.xib in Resources */,
				03D42E381C23D47600C208F5 /* SensorsTableViewCell.xib in Resources */,
				03D568C31C246DBD00E4E49C /* GatewaysTableViewCell.xib in Resources */,
				03D42E321C231D1900C208F5 /* SensorsListViewController.xib in Resources */,
				03D42E3E1C23D6E600C208F5 /* speedometer11.png in Resources */,
				03D42E2D1C22D5FB00C208F5 /* BackgroundView.xib in Resources */,
				03D42E191C22CAF000C208F5 /* Default-568h@2x.png in Resources */,
				03D42E1B1C22CAF000C208F5 /* Default-Portrait-736h@3x.png in Resources */,
				03D42DED1C22CA2E00C208F5 /* Assets.xcassets in Resources */,
				03D42E1C1C22CAF000C208F5 /* Default@2x.png in Resources */,
				03D42E221C22CF7B00C208F5 /* logo.png in Resources */,
				03D42E3D1C23D6E600C208F5 /* bulb.png in Resources */,
				03D42E1A1C22CAF000C208F5 /* Default-667h@2x.png in Resources */,
				03D42E201C22CB0100C208F5 /* LoadingViewController.xib in Resources */,
				03D568CB1C2522A100E4E49C /* cross108.png in Resources */,
				03D42E461C23E69E00C208F5 /* SensorsTableHeaderView.xib in Resources */,
				03D42E261C22D27900C208F5 /* HomeViewController.xib in Resources */,
				03D568C91C251E2D00E4E49C /* ModalView.xib in Resources */,
			);
			runOnlyForDeploymentPostprocessing = 0;
		};
		03D42DF41C22CA2E00C208F5 /* Resources */ = {
			isa = PBXResourcesBuildPhase;
			buildActionMask = 2147483647;
			files = (
			);
			runOnlyForDeploymentPostprocessing = 0;
		};
		03D42DFF1C22CA2E00C208F5 /* Resources */ = {
			isa = PBXResourcesBuildPhase;
			buildActionMask = 2147483647;
			files = (
			);
			runOnlyForDeploymentPostprocessing = 0;
		};
/* End PBXResourcesBuildPhase section */

/* Begin PBXSourcesBuildPhase section */
		03D42DDE1C22CA2E00C208F5 /* Sources */ = {
			isa = PBXSourcesBuildPhase;
			buildActionMask = 2147483647;
			files = (
				03D42E441C23E68E00C208F5 /* SensorsTableHeaderView.swift in Sources */,
				03D42DE61C22CA2E00C208F5 /* AppDelegate.swift in Sources */,
				03D568C21C246DBD00E4E49C /* GatewaysTableViewCell.swift in Sources */,
				03D42E1F1C22CB0100C208F5 /* LoadingViewController.swift in Sources */,
				03D568C71C251E2000E4E49C /* ModalView.swift in Sources */,
				03D42E2B1C22D5E800C208F5 /* BackgroundView.swift in Sources */,
				03D42E251C22D27900C208F5 /* HomeViewController.swift in Sources */,
				03D42E311C231D1900C208F5 /* SensorsListViewController.swift in Sources */,
				03D42E401C23DDB600C208F5 /* SensorsSectionHeaderView.swift in Sources */,
				03D42E371C23D47600C208F5 /* SensorsTableViewCell.swift in Sources */,
			);
			runOnlyForDeploymentPostprocessing = 0;
		};
		03D42DF21C22CA2E00C208F5 /* Sources */ = {
			isa = PBXSourcesBuildPhase;
			buildActionMask = 2147483647;
			files = (
				03D42DFB1C22CA2E00C208F5 /* GatewayAppTests.swift in Sources */,
			);
			runOnlyForDeploymentPostprocessing = 0;
		};
		03D42DFD1C22CA2E00C208F5 /* Sources */ = {
			isa = PBXSourcesBuildPhase;
			buildActionMask = 2147483647;
			files = (
				03D42E061C22CA2E00C208F5 /* GatewayAppUITests.swift in Sources */,
			);
			runOnlyForDeploymentPostprocessing = 0;
		};
/* End PBXSourcesBuildPhase section */

/* Begin PBXTargetDependency section */
		03D42DF81C22CA2E00C208F5 /* PBXTargetDependency */ = {
			isa = PBXTargetDependency;
			target = 03D42DE11C22CA2E00C208F5 /* GatewayApp */;
			targetProxy = 03D42DF71C22CA2E00C208F5 /* PBXContainerItemProxy */;
		};
		03D42E031C22CA2E00C208F5 /* PBXTargetDependency */ = {
			isa = PBXTargetDependency;
			target = 03D42DE11C22CA2E00C208F5 /* GatewayApp */;
			targetProxy = 03D42E021C22CA2E00C208F5 /* PBXContainerItemProxy */;
		};
/* End PBXTargetDependency section */

/* Begin XCBuildConfiguration section */
		03D42E081C22CA2E00C208F5 /* Debug */ = {
			isa = XCBuildConfiguration;
			buildSettings = {
				ALWAYS_SEARCH_USER_PATHS = NO;
				CLANG_CXX_LANGUAGE_STANDARD = "gnu++0x";
				CLANG_CXX_LIBRARY = "libc++";
				CLANG_ENABLE_MODULES = YES;
				CLANG_ENABLE_OBJC_ARC = YES;
				CLANG_WARN_BOOL_CONVERSION = YES;
				CLANG_WARN_CONSTANT_CONVERSION = YES;
				CLANG_WARN_DIRECT_OBJC_ISA_USAGE = YES_ERROR;
				CLANG_WARN_EMPTY_BODY = YES;
				CLANG_WARN_ENUM_CONVERSION = YES;
				CLANG_WARN_INT_CONVERSION = YES;
				CLANG_WARN_OBJC_ROOT_CLASS = YES_ERROR;
				CLANG_WARN_UNREACHABLE_CODE = YES;
				CLANG_WARN__DUPLICATE_METHOD_MATCH = YES;
				"CODE_SIGN_IDENTITY[sdk=iphoneos*]" = "iPhone Developer";
				COPY_PHASE_STRIP = NO;
				DEBUG_INFORMATION_FORMAT = dwarf;
				ENABLE_STRICT_OBJC_MSGSEND = YES;
				ENABLE_TESTABILITY = YES;
				GCC_C_LANGUAGE_STANDARD = gnu99;
				GCC_DYNAMIC_NO_PIC = NO;
				GCC_NO_COMMON_BLOCKS = YES;
				GCC_OPTIMIZATION_LEVEL = 0;
				GCC_PREPROCESSOR_DEFINITIONS = (
					"DEBUG=1",
					"$(inherited)",
				);
				GCC_WARN_64_TO_32_BIT_CONVERSION = YES;
				GCC_WARN_ABOUT_RETURN_TYPE = YES_ERROR;
				GCC_WARN_UNDECLARED_SELECTOR = YES;
				GCC_WARN_UNINITIALIZED_AUTOS = YES_AGGRESSIVE;
				GCC_WARN_UNUSED_FUNCTION = YES;
				GCC_WARN_UNUSED_VARIABLE = YES;
				IPHONEOS_DEPLOYMENT_TARGET = 9.0;
				MTL_ENABLE_DEBUG_INFO = YES;
				ONLY_ACTIVE_ARCH = YES;
				SDKROOT = iphoneos;
				SWIFT_OPTIMIZATION_LEVEL = "-Onone";
			};
			name = Debug;
		};
		03D42E091C22CA2E00C208F5 /* Release */ = {
			isa = XCBuildConfiguration;
			buildSettings = {
				ALWAYS_SEARCH_USER_PATHS = NO;
				CLANG_CXX_LANGUAGE_STANDARD = "gnu++0x";
				CLANG_CXX_LIBRARY = "libc++";
				CLANG_ENABLE_MODULES = YES;
				CLANG_ENABLE_OBJC_ARC = YES;
				CLANG_WARN_BOOL_CONVERSION = YES;
				CLANG_WARN_CONSTANT_CONVERSION = YES;
				CLANG_WARN_DIRECT_OBJC_ISA_USAGE = YES_ERROR;
				CLANG_WARN_EMPTY_BODY = YES;
				CLANG_WARN_ENUM_CONVERSION = YES;
				CLANG_WARN_INT_CONVERSION = YES;
				CLANG_WARN_OBJC_ROOT_CLASS = YES_ERROR;
				CLANG_WARN_UNREACHABLE_CODE = YES;
				CLANG_WARN__DUPLICATE_METHOD_MATCH = YES;
				"CODE_SIGN_IDENTITY[sdk=iphoneos*]" = "iPhone Developer";
				COPY_PHASE_STRIP = NO;
				DEBUG_INFORMATION_FORMAT = "dwarf-with-dsym";
				ENABLE_NS_ASSERTIONS = NO;
				ENABLE_STRICT_OBJC_MSGSEND = YES;
				GCC_C_LANGUAGE_STANDARD = gnu99;
				GCC_NO_COMMON_BLOCKS = YES;
				GCC_WARN_64_TO_32_BIT_CONVERSION = YES;
				GCC_WARN_ABOUT_RETURN_TYPE = YES_ERROR;
				GCC_WARN_UNDECLARED_SELECTOR = YES;
				GCC_WARN_UNINITIALIZED_AUTOS = YES_AGGRESSIVE;
				GCC_WARN_UNUSED_FUNCTION = YES;
				GCC_WARN_UNUSED_VARIABLE = YES;
				IPHONEOS_DEPLOYMENT_TARGET = 9.0;
				MTL_ENABLE_DEBUG_INFO = NO;
				SDKROOT = iphoneos;
				VALIDATE_PRODUCT = YES;
			};
			name = Release;
		};
		03D42E0B1C22CA2E00C208F5 /* Debug */ = {
			isa = XCBuildConfiguration;
			buildSettings = {
				ASSETCATALOG_COMPILER_APPICON_NAME = AppIcon;
				ASSETCATALOG_COMPILER_LAUNCHIMAGE_NAME = LaunchScreen;
				INFOPLIST_FILE = GatewayApp/Info.plist;
				LD_RUNPATH_SEARCH_PATHS = "$(inherited) @executable_path/Frameworks";
				PRODUCT_BUNDLE_IDENTIFIER = com.Sirius.Demos.GatewayApp;
				PRODUCT_NAME = "$(TARGET_NAME)";
			};
			name = Debug;
		};
		03D42E0C1C22CA2E00C208F5 /* Release */ = {
			isa = XCBuildConfiguration;
			buildSettings = {
				ASSETCATALOG_COMPILER_APPICON_NAME = AppIcon;
				ASSETCATALOG_COMPILER_LAUNCHIMAGE_NAME = LaunchScreen;
				INFOPLIST_FILE = GatewayApp/Info.plist;
				LD_RUNPATH_SEARCH_PATHS = "$(inherited) @executable_path/Frameworks";
				PRODUCT_BUNDLE_IDENTIFIER = com.Sirius.Demos.GatewayApp;
				PRODUCT_NAME = "$(TARGET_NAME)";
			};
			name = Release;
		};
		03D42E0E1C22CA2E00C208F5 /* Debug */ = {
			isa = XCBuildConfiguration;
			buildSettings = {
				BUNDLE_LOADER = "$(TEST_HOST)";
				INFOPLIST_FILE = GatewayAppTests/Info.plist;
				LD_RUNPATH_SEARCH_PATHS = "$(inherited) @executable_path/Frameworks @loader_path/Frameworks";
				PRODUCT_BUNDLE_IDENTIFIER = com.Sirius.Demos.GatewayAppTests;
				PRODUCT_NAME = "$(TARGET_NAME)";
				TEST_HOST = "$(BUILT_PRODUCTS_DIR)/GatewayApp.app/GatewayApp";
			};
			name = Debug;
		};
		03D42E0F1C22CA2E00C208F5 /* Release */ = {
			isa = XCBuildConfiguration;
			buildSettings = {
				BUNDLE_LOADER = "$(TEST_HOST)";
				INFOPLIST_FILE = GatewayAppTests/Info.plist;
				LD_RUNPATH_SEARCH_PATHS = "$(inherited) @executable_path/Frameworks @loader_path/Frameworks";
				PRODUCT_BUNDLE_IDENTIFIER = com.Sirius.Demos.GatewayAppTests;
				PRODUCT_NAME = "$(TARGET_NAME)";
				TEST_HOST = "$(BUILT_PRODUCTS_DIR)/GatewayApp.app/GatewayApp";
			};
			name = Release;
		};
		03D42E111C22CA2E00C208F5 /* Debug */ = {
			isa = XCBuildConfiguration;
			buildSettings = {
				INFOPLIST_FILE = GatewayAppUITests/Info.plist;
				LD_RUNPATH_SEARCH_PATHS = "$(inherited) @executable_path/Frameworks @loader_path/Frameworks";
				PRODUCT_BUNDLE_IDENTIFIER = com.Sirius.Demos.GatewayAppUITests;
				PRODUCT_NAME = "$(TARGET_NAME)";
				TEST_TARGET_NAME = GatewayApp;
				USES_XCTRUNNER = YES;
			};
			name = Debug;
		};
		03D42E121C22CA2E00C208F5 /* Release */ = {
			isa = XCBuildConfiguration;
			buildSettings = {
				INFOPLIST_FILE = GatewayAppUITests/Info.plist;
				LD_RUNPATH_SEARCH_PATHS = "$(inherited) @executable_path/Frameworks @loader_path/Frameworks";
				PRODUCT_BUNDLE_IDENTIFIER = com.Sirius.Demos.GatewayAppUITests;
				PRODUCT_NAME = "$(TARGET_NAME)";
				TEST_TARGET_NAME = GatewayApp;
				USES_XCTRUNNER = YES;
			};
			name = Release;
		};
/* End XCBuildConfiguration section */

/* Begin XCConfigurationList section */
		03D42DDD1C22CA2D00C208F5 /* Build configuration list for PBXProject "GatewayApp" */ = {
			isa = XCConfigurationList;
			buildConfigurations = (
				03D42E081C22CA2E00C208F5 /* Debug */,
				03D42E091C22CA2E00C208F5 /* Release */,
			);
			defaultConfigurationIsVisible = 0;
			defaultConfigurationName = Release;
		};
		03D42E0A1C22CA2E00C208F5 /* Build configuration list for PBXNativeTarget "GatewayApp" */ = {
			isa = XCConfigurationList;
			buildConfigurations = (
				03D42E0B1C22CA2E00C208F5 /* Debug */,
				03D42E0C1C22CA2E00C208F5 /* Release */,
			);
			defaultConfigurationIsVisible = 0;
			defaultConfigurationName = Release;
		};
		03D42E0D1C22CA2E00C208F5 /* Build configuration list for PBXNativeTarget "GatewayAppTests" */ = {
			isa = XCConfigurationList;
			buildConfigurations = (
				03D42E0E1C22CA2E00C208F5 /* Debug */,
				03D42E0F1C22CA2E00C208F5 /* Release */,
			);
			defaultConfigurationIsVisible = 0;
			defaultConfigurationName = Release;
		};
		03D42E101C22CA2E00C208F5 /* Build configuration list for PBXNativeTarget "GatewayAppUITests" */ = {
			isa = XCConfigurationList;
			buildConfigurations = (
				03D42E111C22CA2E00C208F5 /* Debug */,
				03D42E121C22CA2E00C208F5 /* Release */,
			);
			defaultConfigurationIsVisible = 0;
			defaultConfigurationName = Release;
		};
/* End XCConfigurationList section */
	};
	rootObject = 03D42DDA1C22CA2D00C208F5 /* Project object */;
}
